
Microsoft Visual Studio Solution File, Format Version 12.00
# Visual Studio 14
VisualStudioVersion = 14.0.25420.1
MinimumVisualStudioVersion = 10.0.40219.1
Project("{FAE04EC0-301F-11D3-BF4B-00C04F79EFBC}") = "Core.Droid", "Core\Core.Droid\Core.Droid.csproj", "{218072E7-BEA4-47B0-AEA6-F5FC90F9C8AD}"
EndProject
Project("{FAE04EC0-301F-11D3-BF4B-00C04F79EFBC}") = "Core.iOS", "Core\Core.iOS\Core.iOS.csproj", "{B900B795-4EA3-4DB4-9156-793AF2BFBED4}"
EndProject
Project("{D954291E-2A0B-460D-934E-DC6B0785DB48}") = "Core", "Core\Core\Core.shproj", "{6929538E-EDCD-455B-8ACC-A9855D6D7979}"
EndProject
Global
	GlobalSection(SharedMSBuildProjectFiles) = preSolution
		Core\Core\Core.projitems*{218072e7-bea4-47b0-aea6-f5fc90f9c8ad}*SharedItemsImports = 4
		Core\Core\Core.projitems*{6929538e-edcd-455b-8acc-a9855d6d7979}*SharedItemsImports = 13
	EndGlobalSection
	GlobalSection(SolutionConfigurationPlatforms) = preSolution
		Ad-Hoc|Any CPU = Ad-Hoc|Any CPU
		Ad-Hoc|iPhone = Ad-Hoc|iPhone
		Ad-Hoc|iPhoneSimulator = Ad-Hoc|iPhoneSimulator
		AppStore|Any CPU = AppStore|Any CPU
		AppStore|iPhone = AppStore|iPhone
		AppStore|iPhoneSimulator = AppStore|iPhoneSimulator
		Debug|Any CPU = Debug|Any CPU
		Debug|iPhone = Debug|iPhone
		Debug|iPhoneSimulator = Debug|iPhoneSimulator
		Release|Any CPU = Release|Any CPU
		Release|iPhone = Release|iPhone
		Release|iPhoneSimulator = Release|iPhoneSimulator
	EndGlobalSection
	GlobalSection(ProjectConfigurationPlatforms) = postSolution
		{218072E7-BEA4-47B0-AEA6-F5FC90F9C8AD}.Ad-Hoc|Any CPU.ActiveCfg = Release|Any CPU
		{218072E7-BEA4-47B0-AEA6-F5FC90F9C8AD}.Ad-Hoc|Any CPU.Build.0 = Release|Any CPU
		{218072E7-BEA4-47B0-AEA6-F5FC90F9C8AD}.Ad-Hoc|Any CPU.Deploy.0 = Release|Any CPU
		{218072E7-BEA4-47B0-AEA6-F5FC90F9C8AD}.Ad-Hoc|iPhone.ActiveCfg = Release|Any CPU
		{218072E7-BEA4-47B0-AEA6-F5FC90F9C8AD}.Ad-Hoc|iPhone.Build.0 = Release|Any CPU
		{218072E7-BEA4-47B0-AEA6-F5FC90F9C8AD}.Ad-Hoc|iPhone.Deploy.0 = Release|Any CPU
		{218072E7-BEA4-47B0-AEA6-F5FC90F9C8AD}.Ad-Hoc|iPhoneSimulator.ActiveCfg = Release|Any CPU
		{218072E7-BEA4-47B0-AEA6-F5FC90F9C8AD}.Ad-Hoc|iPhoneSimulator.Build.0 = Release|Any CPU
		{218072E7-BEA4-47B0-AEA6-F5FC90F9C8AD}.Ad-Hoc|iPhoneSimulator.Deploy.0 = Release|Any CPU
		{218072E7-BEA4-47B0-AEA6-F5FC90F9C8AD}.AppStore|Any CPU.ActiveCfg = Release|Any CPU
		{218072E7-BEA4-47B0-AEA6-F5FC90F9C8AD}.AppStore|Any CPU.Build.0 = Release|Any CPU
		{218072E7-BEA4-47B0-AEA6-F5FC90F9C8AD}.AppStore|Any CPU.Deploy.0 = Release|Any CPU
		{218072E7-BEA4-47B0-AEA6-F5FC90F9C8AD}.AppStore|iPhone.ActiveCfg = Release|Any CPU
		{218072E7-BEA4-47B0-AEA6-F5FC90F9C8AD}.AppStore|iPhone.Build.0 = Release|Any CPU
		{218072E7-BEA4-47B0-AEA6-F5FC90F9C8AD}.AppStore|iPhone.Deploy.0 = Release|Any CPU
		{218072E7-BEA4-47B0-AEA6-F5FC90F9C8AD}.AppStore|iPhoneSimulator.ActiveCfg = Release|Any CPU
		{218072E7-BEA4-47B0-AEA6-F5FC90F9C8AD}.AppStore|iPhoneSimulator.Build.0 = Release|Any CPU
		{218072E7-BEA4-47B0-AEA6-F5FC90F9C8AD}.AppStore|iPhoneSimulator.Deploy.0 = Release|Any CPU
		{218072E7-BEA4-47B0-AEA6-F5FC90F9C8AD}.Debug|Any CPU.ActiveCfg = Debug|Any CPU
		{218072E7-BEA4-47B0-AEA6-F5FC90F9C8AD}.Debug|Any CPU.Build.0 = Debug|Any CPU
		{218072E7-BEA4-47B0-AEA6-F5FC90F9C8AD}.Debug|Any CPU.Deploy.0 = Debug|Any CPU
		{218072E7-BEA4-47B0-AEA6-F5FC90F9C8AD}.Debug|iPhone.ActiveCfg = Debug|Any CPU
		{218072E7-BEA4-47B0-AEA6-F5FC90F9C8AD}.Debug|iPhone.Build.0 = Debug|Any CPU
		{218072E7-BEA4-47B0-AEA6-F5FC90F9C8AD}.Debug|iPhone.Deploy.0 = Debug|Any CPU
		{218072E7-BEA4-47B0-AEA6-F5FC90F9C8AD}.Debug|iPhoneSimulator.ActiveCfg = Debug|Any CPU
		{218072E7-BEA4-47B0-AEA6-F5FC90F9C8AD}.Debug|iPhoneSimulator.Build.0 = Debug|Any CPU
		{218072E7-BEA4-47B0-AEA6-F5FC90F9C8AD}.Debug|iPhoneSimulator.Deploy.0 = Debug|Any CPU
		{218072E7-BEA4-47B0-AEA6-F5FC90F9C8AD}.Release|Any CPU.ActiveCfg = Release|Any CPU
		{218072E7-BEA4-47B0-AEA6-F5FC90F9C8AD}.Release|Any CPU.Build.0 = Release|Any CPU
		{218072E7-BEA4-47B0-AEA6-F5FC90F9C8AD}.Release|Any CPU.Deploy.0 = Release|Any CPU
		{218072E7-BEA4-47B0-AEA6-F5FC90F9C8AD}.Release|iPhone.ActiveCfg = Release|Any CPU
		{218072E7-BEA4-47B0-AEA6-F5FC90F9C8AD}.Release|iPhone.Build.0 = Release|Any CPU
		{218072E7-BEA4-47B0-AEA6-F5FC90F9C8AD}.Release|iPhone.Deploy.0 = Release|Any CPU
		{218072E7-BEA4-47B0-AEA6-F5FC90F9C8AD}.Release|iPhoneSimulator.ActiveCfg = Release|Any CPU
		{218072E7-BEA4-47B0-AEA6-F5FC90F9C8AD}.Release|iPhoneSimulator.Build.0 = Release|Any CPU
		{218072E7-BEA4-47B0-AEA6-F5FC90F9C8AD}.Release|iPhoneSimulator.Deploy.0 = Release|Any CPU
		{B900B795-4EA3-4DB4-9156-793AF2BFBED4}.Ad-Hoc|Any CPU.ActiveCfg = Release|iPhone
		{B900B795-4EA3-4DB4-9156-793AF2BFBED4}.Ad-Hoc|Any CPU.Build.0 = Release|iPhone
		{B900B795-4EA3-4DB4-9156-793AF2BFBED4}.Ad-Hoc|iPhone.ActiveCfg = Release|iPhone
		{B900B795-4EA3-4DB4-9156-793AF2BFBED4}.Ad-Hoc|iPhone.Build.0 = Release|iPhone
		{B900B795-4EA3-4DB4-9156-793AF2BFBED4}.Ad-Hoc|iPhoneSimulator.ActiveCfg = Release|iPhoneSimulator
		{B900B795-4EA3-4DB4-9156-793AF2BFBED4}.Ad-Hoc|iPhoneSimulator.Build.0 = Release|iPhoneSimulator
		{B900B795-4EA3-4DB4-9156-793AF2BFBED4}.AppStore|Any CPU.ActiveCfg = Release|iPhone
		{B900B795-4EA3-4DB4-9156-793AF2BFBED4}.AppStore|Any CPU.Build.0 = Release|iPhone
		{B900B795-4EA3-4DB4-9156-793AF2BFBED4}.AppStore|iPhone.ActiveCfg = Release|iPhone
		{B900B795-4EA3-4DB4-9156-793AF2BFBED4}.AppStore|iPhone.Build.0 = Release|iPhone
		{B900B795-4EA3-4DB4-9156-793AF2BFBED4}.AppStore|iPhoneSimulator.ActiveCfg = Release|iPhoneSimulator
		{B900B795-4EA3-4DB4-9156-793AF2BFBED4}.AppStore|iPhoneSimulator.Build.0 = Release|iPhoneSimulator
		{B900B795-4EA3-4DB4-9156-793AF2BFBED4}.Debug|Any CPU.ActiveCfg = Debug|iPhone
		{B900B795-4EA3-4DB4-9156-793AF2BFBED4}.Debug|iPhone.ActiveCfg = Debug|iPhone
		{B900B795-4EA3-4DB4-9156-793AF2BFBED4}.Debug|iPhone.Build.0 = Debug|iPhone
		{B900B795-4EA3-4DB4-9156-793AF2BFBED4}.Debug|iPhoneSimulator.ActiveCfg = Debug|iPhoneSimulator
		{B900B795-4EA3-4DB4-9156-793AF2BFBED4}.Debug|iPhoneSimulator.Build.0 = Debug|iPhoneSimulator
		{B900B795-4EA3-4DB4-9156-793AF2BFBED4}.Release|Any CPU.ActiveCfg = Release|iPhone
		{B900B795-4EA3-4DB4-9156-793AF2BFBED4}.Release|iPhone.ActiveCfg = Release|iPhone
		{B900B795-4EA3-4DB4-9156-793AF2BFBED4}.Release|iPhone.Build.0 = Release|iPhone
		{B900B795-4EA3-4DB4-9156-793AF2BFBED4}.Release|iPhoneSimulator.ActiveCfg = Release|iPhoneSimulator
		{B900B795-4EA3-4DB4-9156-793AF2BFBED4}.Release|iPhoneSimulator.Build.0 = Release|iPhoneSimulator
	EndGlobalSection
	GlobalSection(SolutionProperties) = preSolution
		HideSolutionNode = FALSE
	EndGlobalSection
EndGlobal
